
Microsoft Visual Studio Solution File, Format Version 12.00
# Visual Studio Version 16
VisualStudioVersion = 16.0.29215.179
MinimumVisualStudioVersion = 10.0.40219.1
Project("{FAE04EC0-301F-11D3-BF4B-00C04F79EFBC}") = "Backend Capstone", "Backend Capstone\Backend Capstone.csproj", "{98E9C43E-7157-4739-854E-305DAA83F53E}"
EndProject
Global
	GlobalSection(SolutionConfigurationPlatforms) = preSolution
		Debug|Any CPU = Debug|Any CPU
		Release|Any CPU = Release|Any CPU
	EndGlobalSection
	GlobalSection(ProjectConfigurationPlatforms) = postSolution
		{98E9C43E-7157-4739-854E-305DAA83F53E}.Debug|Any CPU.ActiveCfg = Debug|Any CPU
		{98E9C43E-7157-4739-854E-305DAA83F53E}.Debug|Any CPU.Build.0 = Debug|Any CPU
		{98E9C43E-7157-4739-854E-305DAA83F53E}.Release|Any CPU.ActiveCfg = Release|Any CPU
		{98E9C43E-7157-4739-854E-305DAA83F53E}.Release|Any CPU.Build.0 = Release|Any CPU
	EndGlobalSection
	GlobalSection(SolutionProperties) = preSolution
		HideSolutionNode = FALSE
	EndGlobalSection
	GlobalSection(ExtensibilityGlobals) = postSolution
		SolutionGuid = {1E81BAE0-B8B7-4169-AA56-1DFF57BA3025}
	EndGlobalSection
EndGlobal
